
Microsoft Visual Studio Solution File, Format Version 12.00
# Visual Studio Version 16
VisualStudioVersion = 16.0.28922.388
MinimumVisualStudioVersion = 10.0.40219.1
Project("{8BC9CEB8-8B4A-11D0-8D11-00A0C91BC942}") = "rfanalizer", "RF.Analyzer\rfanalizer.vcxproj", "{957930E4-E3B3-4256-941B-AFF082D80406}"
EndProject
Project("{8BC9CEB8-8B4A-11D0-8D11-00A0C91BC942}") = "telescope_controller", "Telescope.Controller\telescope_controller.vcxproj", "{AF6B8324-9ED5-4C04-80D7-C36B88BF1F0E}"
EndProject
Global
	GlobalSection(SolutionConfigurationPlatforms) = preSolution
		Debug|ARM = Debug|ARM
		Debug|ARM64 = Debug|ARM64
		Release|ARM = Release|ARM
		Release|ARM64 = Release|ARM64
	EndGlobalSection
	GlobalSection(ProjectConfigurationPlatforms) = postSolution
		{957930E4-E3B3-4256-941B-AFF082D80406}.Debug|ARM.ActiveCfg = Debug|ARM
		{957930E4-E3B3-4256-941B-AFF082D80406}.Debug|ARM.Build.0 = Debug|ARM
		{957930E4-E3B3-4256-941B-AFF082D80406}.Debug|ARM.Deploy.0 = Debug|ARM
		{957930E4-E3B3-4256-941B-AFF082D80406}.Debug|ARM64.ActiveCfg = Debug|ARM64
		{957930E4-E3B3-4256-941B-AFF082D80406}.Debug|ARM64.Build.0 = Debug|ARM64
		{957930E4-E3B3-4256-941B-AFF082D80406}.Debug|ARM64.Deploy.0 = Debug|ARM64
		{957930E4-E3B3-4256-941B-AFF082D80406}.Release|ARM.ActiveCfg = Release|ARM
		{957930E4-E3B3-4256-941B-AFF082D80406}.Release|ARM.Build.0 = Release|ARM
		{957930E4-E3B3-4256-941B-AFF082D80406}.Release|ARM.Deploy.0 = Release|ARM
		{957930E4-E3B3-4256-941B-AFF082D80406}.Release|ARM64.ActiveCfg = Release|ARM64
		{957930E4-E3B3-4256-941B-AFF082D80406}.Release|ARM64.Build.0 = Release|ARM64
		{957930E4-E3B3-4256-941B-AFF082D80406}.Release|ARM64.Deploy.0 = Release|ARM64
		{AF6B8324-9ED5-4C04-80D7-C36B88BF1F0E}.Debug|ARM.ActiveCfg = Debug|ARM
		{AF6B8324-9ED5-4C04-80D7-C36B88BF1F0E}.Debug|ARM.Build.0 = Debug|ARM
		{AF6B8324-9ED5-4C04-80D7-C36B88BF1F0E}.Debug|ARM.Deploy.0 = Debug|ARM
		{AF6B8324-9ED5-4C04-80D7-C36B88BF1F0E}.Debug|ARM64.ActiveCfg = Debug|ARM64
		{AF6B8324-9ED5-4C04-80D7-C36B88BF1F0E}.Debug|ARM64.Build.0 = Debug|ARM64
		{AF6B8324-9ED5-4C04-80D7-C36B88BF1F0E}.Debug|ARM64.Deploy.0 = Debug|ARM64
		{AF6B8324-9ED5-4C04-80D7-C36B88BF1F0E}.Release|ARM.ActiveCfg = Release|ARM
		{AF6B8324-9ED5-4C04-80D7-C36B88BF1F0E}.Release|ARM.Build.0 = Release|ARM
		{AF6B8324-9ED5-4C04-80D7-C36B88BF1F0E}.Release|ARM.Deploy.0 = Release|ARM
		{AF6B8324-9ED5-4C04-80D7-C36B88BF1F0E}.Release|ARM64.ActiveCfg = Release|ARM64
		{AF6B8324-9ED5-4C04-80D7-C36B88BF1F0E}.Release|ARM64.Build.0 = Release|ARM64
		{AF6B8324-9ED5-4C04-80D7-C36B88BF1F0E}.Release|ARM64.Deploy.0 = Release|ARM64
	EndGlobalSection
	GlobalSection(SolutionProperties) = preSolution
		HideSolutionNode = FALSE
	EndGlobalSection
	GlobalSection(ExtensibilityGlobals) = postSolution
		SolutionGuid = {12664489-3496-4D18-B880-E0BECFA36B13}
	EndGlobalSection
EndGlobal
